// !$*UTF8*$!
{
	archiveVersion = 1;
	classes = {
	};
	objectVersion = 46;
	objects = {

/* Begin PBXBuildFile section */
		37CCFB7918398DCB00BAA001 /* Parse.framework in Frameworks */ = {isa = PBXBuildFile; fileRef = 37CCFB7818398DCB00BAA001 /* Parse.framework */; };
		37CCFB7C18398E4400BAA001 /* FacebookSDK.framework in Frameworks */ = {isa = PBXBuildFile; fileRef = 37CCFB7B18398E4400BAA001 /* FacebookSDK.framework */; };
		37CCFB901839A0B100BAA001 /* diddit-tab-blue.png in Resources */ = {isa = PBXBuildFile; fileRef = 37CCFB8F1839A0B100BAA001 /* diddit-tab-blue.png */; };
		37CCFB921839A1D800BAA001 /* diddit-tab-orange.png in Resources */ = {isa = PBXBuildFile; fileRef = 37CCFB911839A1D800BAA001 /* diddit-tab-orange.png */; };
		37CCFB941839A23D00BAA001 /* diddit-tab.png in Resources */ = {isa = PBXBuildFile; fileRef = 37CCFB931839A23D00BAA001 /* diddit-tab.png */; };
		37CCFB961839A28000BAA001 /* comment-tab.png in Resources */ = {isa = PBXBuildFile; fileRef = 37CCFB951839A28000BAA001 /* comment-tab.png */; };
		37CCFB981839A30C00BAA001 /* bukkit-tab-blue.png in Resources */ = {isa = PBXBuildFile; fileRef = 37CCFB971839A30C00BAA001 /* bukkit-tab-blue.png */; };
		37CCFB9A1839A35B00BAA001 /* bukkit-tab.png in Resources */ = {isa = PBXBuildFile; fileRef = 37CCFB991839A35B00BAA001 /* bukkit-tab.png */; };
		37CCFB9E1839AC4F00BAA001 /* bukkit-text-button.png in Resources */ = {isa = PBXBuildFile; fileRef = 37CCFB9D1839AC4F00BAA001 /* bukkit-text-button.png */; };
		37CCFBA01839AC8600BAA001 /* Diddit-Button.png in Resources */ = {isa = PBXBuildFile; fileRef = 37CCFB9F1839AC8600BAA001 /* Diddit-Button.png */; };
		7D029072180E0CF90067B927 /* BukkitCell.m in Sources */ = {isa = PBXBuildFile; fileRef = 7D029071180E0CF90067B927 /* BukkitCell.m */; };
		7D029074180E1B8E0067B927 /* hong-kong.png in Resources */ = {isa = PBXBuildFile; fileRef = 7D029073180E1B8E0067B927 /* hong-kong.png */; };
		7D029077180E24090067B927 /* MainStoryboard.storyboard in Resources */ = {isa = PBXBuildFile; fileRef = 7D029075180E24090067B927 /* MainStoryboard.storyboard */; };
		7D09DC6B17FA928F00C9B114 /* MainViewController.m in Sources */ = {isa = PBXBuildFile; fileRef = 7D09DC6A17FA928F00C9B114 /* MainViewController.m */; };
		7D09DC7C1803BAB900C9B114 /* SWRevealViewController.m in Sources */ = {isa = PBXBuildFile; fileRef = 7D09DC7B1803BAB800C9B114 /* SWRevealViewController.m */; };
		7D09DC7D1803C70500C9B114 /* SWRevealViewController.m in Sources */ = {isa = PBXBuildFile; fileRef = 7D09DC7B1803BAB800C9B114 /* SWRevealViewController.m */; };
		7D0F9D9B17E941C3007B71A9 /* UIKit.framework in Frameworks */ = {isa = PBXBuildFile; fileRef = 7D0F9D9A17E941C3007B71A9 /* UIKit.framework */; };
		7D0F9D9D17E941C3007B71A9 /* Foundation.framework in Frameworks */ = {isa = PBXBuildFile; fileRef = 7D0F9D9C17E941C3007B71A9 /* Foundation.framework */; };
		7D0F9D9F17E941C3007B71A9 /* CoreGraphics.framework in Frameworks */ = {isa = PBXBuildFile; fileRef = 7D0F9D9E17E941C3007B71A9 /* CoreGraphics.framework */; };
		7D0F9DA517E941C3007B71A9 /* InfoPlist.strings in Resources */ = {isa = PBXBuildFile; fileRef = 7D0F9DA317E941C3007B71A9 /* InfoPlist.strings */; };
		7D0F9DA717E941C3007B71A9 /* main.m in Sources */ = {isa = PBXBuildFile; fileRef = 7D0F9DA617E941C3007B71A9 /* main.m */; };
		7D0F9DAB17E941C3007B71A9 /* AppDelegate.m in Sources */ = {isa = PBXBuildFile; fileRef = 7D0F9DAA17E941C3007B71A9 /* AppDelegate.m */; };
		7D0F9DAD17E941C3007B71A9 /* Default.png in Resources */ = {isa = PBXBuildFile; fileRef = 7D0F9DAC17E941C3007B71A9 /* Default.png */; };
		7D0F9DAF17E941C3007B71A9 /* Default@2x.png in Resources */ = {isa = PBXBuildFile; fileRef = 7D0F9DAE17E941C3007B71A9 /* Default@2x.png */; };
		7D0F9DB117E941C3007B71A9 /* Default-568h@2x.png in Resources */ = {isa = PBXBuildFile; fileRef = 7D0F9DB017E941C3007B71A9 /* Default-568h@2x.png */; };
		7D0F9DB717E941C4007B71A9 /* ViewController.m in Sources */ = {isa = PBXBuildFile; fileRef = 7D0F9DB617E941C4007B71A9 /* ViewController.m */; };
		7D0F9DBF17E941C4007B71A9 /* SenTestingKit.framework in Frameworks */ = {isa = PBXBuildFile; fileRef = 7D0F9DBE17E941C4007B71A9 /* SenTestingKit.framework */; };
		7D0F9DC017E941C4007B71A9 /* UIKit.framework in Frameworks */ = {isa = PBXBuildFile; fileRef = 7D0F9D9A17E941C3007B71A9 /* UIKit.framework */; };
		7D0F9DC117E941C4007B71A9 /* Foundation.framework in Frameworks */ = {isa = PBXBuildFile; fileRef = 7D0F9D9C17E941C3007B71A9 /* Foundation.framework */; };
		7D0F9DC917E941C4007B71A9 /* InfoPlist.strings in Resources */ = {isa = PBXBuildFile; fileRef = 7D0F9DC717E941C4007B71A9 /* InfoPlist.strings */; };
		7D0F9DCC17E941C4007B71A9 /* BukkitTests.m in Sources */ = {isa = PBXBuildFile; fileRef = 7D0F9DCB17E941C4007B71A9 /* BukkitTests.m */; };
		7D0F9DD717EA804C007B71A9 /* LogInViewController.m in Sources */ = {isa = PBXBuildFile; fileRef = 7D0F9DD617EA804B007B71A9 /* LogInViewController.m */; };
		7D0F9DDF17EA81B8007B71A9 /* SignUpViewController.m in Sources */ = {isa = PBXBuildFile; fileRef = 7D0F9DDE17EA81B8007B71A9 /* SignUpViewController.m */; };
		7D491BD118123F7900CC44F2 /* button.png in Resources */ = {isa = PBXBuildFile; fileRef = 7D491BD018123F7900CC44F2 /* button.png */; };
		7D5C59EC18331A6300B65E16 /* diddit-grey.png in Resources */ = {isa = PBXBuildFile; fileRef = 7D5C59EB18331A6300B65E16 /* diddit-grey.png */; };
		7D5C59EE18331AA200B65E16 /* bukkit-blue.png in Resources */ = {isa = PBXBuildFile; fileRef = 7D5C59ED18331AA200B65E16 /* bukkit-blue.png */; };
		7D5C59F018331B1D00B65E16 /* bukkit-grey.png in Resources */ = {isa = PBXBuildFile; fileRef = 7D5C59EF18331B1D00B65E16 /* bukkit-grey.png */; };
		7D5C59F218331CAE00B65E16 /* comment-grey.png in Resources */ = {isa = PBXBuildFile; fileRef = 7D5C59F118331CAE00B65E16 /* comment-grey.png */; };
		7D62C5FE1821279500A74B1D /* LeaderboardCell.m in Sources */ = {isa = PBXBuildFile; fileRef = 7D62C5FD1821279500A74B1D /* LeaderboardCell.m */; };
		7D853A4B181768B100332003 /* BukkitListsViewController.m in Sources */ = {isa = PBXBuildFile; fileRef = 7D853A4A181768B100332003 /* BukkitListsViewController.m */; };
		7D853A4E181768C100332003 /* LeaderboardViewController.m in Sources */ = {isa = PBXBuildFile; fileRef = 7D853A4D181768C100332003 /* LeaderboardViewController.m */; };
		7D88993E181EE90500715E83 /* ActivityViewController.m in Sources */ = {isa = PBXBuildFile; fileRef = 7D88993D181EE90500715E83 /* ActivityViewController.m */; };
		7D889941181F1F0300715E83 /* BukkitButtonBackground.png in Resources */ = {isa = PBXBuildFile; fileRef = 7D88993F181F1F0300715E83 /* BukkitButtonBackground.png */; };
		7D889942181F1F0300715E83 /* DidditButtonBackground.png in Resources */ = {isa = PBXBuildFile; fileRef = 7D889940181F1F0300715E83 /* DidditButtonBackground.png */; };
		7D8A27BE1811F7450002B224 /* BukkitViewController.m in Sources */ = {isa = PBXBuildFile; fileRef = 7D8A27BD1811F7450002B224 /* BukkitViewController.m */; };
		7DA742E7180888B700688A67 /* AddItemViewController.m in Sources */ = {isa = PBXBuildFile; fileRef = 7DA742E6180888B700688A67 /* AddItemViewController.m */; };
		7DA742E91808A16E00688A67 /* bukkit_logo_v3_114.png in Resources */ = {isa = PBXBuildFile; fileRef = 7DA742E81808A16E00688A67 /* bukkit_logo_v3_114.png */; };
		7DA742EB1808A17500688A67 /* bukkit_logo_v3_57.png in Resources */ = {isa = PBXBuildFile; fileRef = 7DA742EA1808A17500688A67 /* bukkit_logo_v3_57.png */; };
		7DA742F1180B955300688A67 /* ListViewController.m in Sources */ = {isa = PBXBuildFile; fileRef = 7DA742F0180B955200688A67 /* ListViewController.m */; };
		7DAF4131183979CE0000AF78 /* Menu-Button.png in Resources */ = {isa = PBXBuildFile; fileRef = 7DAF4130183979CE0000AF78 /* Menu-Button.png */; };
		7DAF413418397B090000AF78 /* CommentViewController.m in Sources */ = {isa = PBXBuildFile; fileRef = 7DAF413318397B090000AF78 /* CommentViewController.m */; };
		7DB07B9E183468DA008F67AC /* GKCropBorderView.m in Sources */ = {isa = PBXBuildFile; fileRef = 7DB07B83183468DA008F67AC /* GKCropBorderView.m */; };
		7DB07B9F183468DA008F67AC /* GKImageCropOverlayView.m in Sources */ = {isa = PBXBuildFile; fileRef = 7DB07B85183468DA008F67AC /* GKImageCropOverlayView.m */; };
		7DB07BA0183468DA008F67AC /* GKImageCropView.m in Sources */ = {isa = PBXBuildFile; fileRef = 7DB07B87183468DA008F67AC /* GKImageCropView.m */; };
		7DB07BA1183468DA008F67AC /* GKImageCropViewController.m in Sources */ = {isa = PBXBuildFile; fileRef = 7DB07B89183468DA008F67AC /* GKImageCropViewController.m */; };
		7DB07BA2183468DA008F67AC /* GKImagePicker.m in Sources */ = {isa = PBXBuildFile; fileRef = 7DB07B8B183468DA008F67AC /* GKImagePicker.m */; };
		7DB07BA3183468DA008F67AC /* GKResizeableCropOverlayView.m in Sources */ = {isa = PBXBuildFile; fileRef = 7DB07B8D183468DA008F67AC /* GKResizeableCropOverlayView.m */; };
		7DB07BB618346BC4008F67AC /* PLCameraSheetButton.png in Resources */ = {isa = PBXBuildFile; fileRef = 7DB07BAE18346BC4008F67AC /* PLCameraSheetButton.png */; };
		7DB07BB718346BC4008F67AC /* PLCameraSheetButton@2x.png in Resources */ = {isa = PBXBuildFile; fileRef = 7DB07BAF18346BC4008F67AC /* PLCameraSheetButton@2x.png */; };
		7DB07BB818346BC4008F67AC /* PLCameraSheetButtonPressed.png in Resources */ = {isa = PBXBuildFile; fileRef = 7DB07BB018346BC4008F67AC /* PLCameraSheetButtonPressed.png */; };
		7DB07BB918346BC4008F67AC /* PLCameraSheetButtonPressed@2x.png in Resources */ = {isa = PBXBuildFile; fileRef = 7DB07BB118346BC4008F67AC /* PLCameraSheetButtonPressed@2x.png */; };
		7DB07BBA18346BC4008F67AC /* PLCameraSheetDoneButton.png in Resources */ = {isa = PBXBuildFile; fileRef = 7DB07BB218346BC4008F67AC /* PLCameraSheetDoneButton.png */; };
		7DB07BBB18346BC4008F67AC /* PLCameraSheetDoneButton@2x.png in Resources */ = {isa = PBXBuildFile; fileRef = 7DB07BB318346BC4008F67AC /* PLCameraSheetDoneButton@2x.png */; };
		7DB07BBC18346BC4008F67AC /* PLCameraSheetDoneButtonPressed.png in Resources */ = {isa = PBXBuildFile; fileRef = 7DB07BB418346BC4008F67AC /* PLCameraSheetDoneButtonPressed.png */; };
		7DB07BBD18346BC4008F67AC /* PLCameraSheetDoneButtonPressed@2x.png in Resources */ = {isa = PBXBuildFile; fileRef = 7DB07BB518346BC4008F67AC /* PLCameraSheetDoneButtonPressed@2x.png */; };
		7DB88DA517EFB363005906A5 /* LogInTableViewController.m in Sources */ = {isa = PBXBuildFile; fileRef = 7DB88DA417EFB363005906A5 /* LogInTableViewController.m */; };
		7DBEE17E18050F2B00C16BF2 /* SideBarViewController.m in Sources */ = {isa = PBXBuildFile; fileRef = 7DBEE17D18050F2B00C16BF2 /* SideBarViewController.m */; };
		7DBEE188180519B500C16BF2 /* ProfileViewController.m in Sources */ = {isa = PBXBuildFile; fileRef = 7DBEE187180519B500C16BF2 /* ProfileViewController.m */; };
		7DBEE18B180519D500C16BF2 /* SettingsViewController.m in Sources */ = {isa = PBXBuildFile; fileRef = 7DBEE18A180519D500C16BF2 /* SettingsViewController.m */; };
		7DBF1F8317F39FC40023C32B /* Parse.framework in Frameworks */ = {isa = PBXBuildFile; fileRef = 7DBF1F8217F39FC40023C32B /* Parse.framework */; };
		7DBF1F8717F3A7D40023C32B /* CFNetwork.framework in Frameworks */ = {isa = PBXBuildFile; fileRef = 7DBF1F8617F3A7D40023C32B /* CFNetwork.framework */; };
		7DBF1F8917F3A85C0023C32B /* CoreLocation.framework in Frameworks */ = {isa = PBXBuildFile; fileRef = 7DBF1F8817F3A85C0023C32B /* CoreLocation.framework */; };
		7DBF1F8B17F3A88D0023C32B /* libz.1.1.3.dylib in Frameworks */ = {isa = PBXBuildFile; fileRef = 7DBF1F8A17F3A88D0023C32B /* libz.1.1.3.dylib */; };
		7DBF1F8D17F3A8A10023C32B /* MobileCoreServices.framework in Frameworks */ = {isa = PBXBuildFile; fileRef = 7DBF1F8C17F3A8A10023C32B /* MobileCoreServices.framework */; };
		7DBF1F8F17F3A8B40023C32B /* QuartzCore.framework in Frameworks */ = {isa = PBXBuildFile; fileRef = 7DBF1F8E17F3A8B40023C32B /* QuartzCore.framework */; };
		7DBF1F9117F3A8CF0023C32B /* Security.framework in Frameworks */ = {isa = PBXBuildFile; fileRef = 7DBF1F9017F3A8CF0023C32B /* Security.framework */; };
		7DBF1F9517F3A8F60023C32B /* SystemConfiguration.framework in Frameworks */ = {isa = PBXBuildFile; fileRef = 7DBF1F9417F3A8F60023C32B /* SystemConfiguration.framework */; };
		7DBF1F9617F3A9080023C32B /* AudioToolbox.framework in Frameworks */ = {isa = PBXBuildFile; fileRef = 7DBF1F8417F3A0420023C32B /* AudioToolbox.framework */; };
		7DBF345E1830794900609408 /* slidemenu.png in Resources */ = {isa = PBXBuildFile; fileRef = 7DBF345D1830794900609408 /* slidemenu.png */; };
		7DBF346418307B7200609408 /* icon-settings.png in Resources */ = {isa = PBXBuildFile; fileRef = 7DBF345F18307B7200609408 /* icon-settings.png */; };
		7DBF346518307B7200609408 /* icon-profile.png in Resources */ = {isa = PBXBuildFile; fileRef = 7DBF346018307B7200609408 /* icon-profile.png */; };
		7DBF346618307B7200609408 /* icon-list.png in Resources */ = {isa = PBXBuildFile; fileRef = 7DBF346118307B7200609408 /* icon-list.png */; };
		7DBF346718307B7200609408 /* icon-leaderboard.png in Resources */ = {isa = PBXBuildFile; fileRef = 7DBF346218307B7200609408 /* icon-leaderboard.png */; };
		7DBF346818307B7200609408 /* icon-feed.png in Resources */ = {isa = PBXBuildFile; fileRef = 7DBF346318307B7200609408 /* icon-feed.png */; };
		7DC5EDBB1828920F00456E32 /* Default~iphone.png in Resources */ = {isa = PBXBuildFile; fileRef = 7DC5EDBA1828920F00456E32 /* Default~iphone.png */; };
		7DC5EDBD18289C8400456E32 /* logo.png in Resources */ = {isa = PBXBuildFile; fileRef = 7DC5EDBC18289C8400456E32 /* logo.png */; };
		7DC5EDC31829F3E100456E32 /* UserActivityViewController.m in Sources */ = {isa = PBXBuildFile; fileRef = 7DC5EDC21829F3E100456E32 /* UserActivityViewController.m */; };
		7DDF996A17FA5D7F0076A5DE /* FacebookSDK.framework in Frameworks */ = {isa = PBXBuildFile; fileRef = 7DDF996917FA5D7F0076A5DE /* FacebookSDK.framework */; };
/* End PBXBuildFile section */

/* Begin PBXContainerItemProxy section */
		7D0F9DC217E941C4007B71A9 /* PBXContainerItemProxy */ = {
			isa = PBXContainerItemProxy;
			containerPortal = 7D0F9D8F17E941C3007B71A9 /* Project object */;
			proxyType = 1;
			remoteGlobalIDString = 7D0F9D9617E941C3007B71A9;
			remoteInfo = Bukkit;
		};
/* End PBXContainerItemProxy section */

/* Begin PBXFileReference section */
		37CCFB7818398DCB00BAA001 /* Parse.framework */ = {isa = PBXFileReference; lastKnownFileType = wrapper.framework; path = Parse.framework; sourceTree = "<group>"; };
		37CCFB7B18398E4400BAA001 /* FacebookSDK.framework */ = {isa = PBXFileReference; lastKnownFileType = wrapper.framework; path = FacebookSDK.framework; sourceTree = "<group>"; };
		37CCFB8F1839A0B100BAA001 /* diddit-tab-blue.png */ = {isa = PBXFileReference; lastKnownFileType = image.png; path = "diddit-tab-blue.png"; sourceTree = "<group>"; };
		37CCFB911839A1D800BAA001 /* diddit-tab-orange.png */ = {isa = PBXFileReference; lastKnownFileType = image.png; path = "diddit-tab-orange.png"; sourceTree = "<group>"; };
		37CCFB931839A23D00BAA001 /* diddit-tab.png */ = {isa = PBXFileReference; lastKnownFileType = image.png; path = "diddit-tab.png"; sourceTree = "<group>"; };
		37CCFB951839A28000BAA001 /* comment-tab.png */ = {isa = PBXFileReference; lastKnownFileType = image.png; path = "comment-tab.png"; sourceTree = "<group>"; };
		37CCFB971839A30C00BAA001 /* bukkit-tab-blue.png */ = {isa = PBXFileReference; lastKnownFileType = image.png; path = "bukkit-tab-blue.png"; sourceTree = "<group>"; };
		37CCFB991839A35B00BAA001 /* bukkit-tab.png */ = {isa = PBXFileReference; lastKnownFileType = image.png; path = "bukkit-tab.png"; sourceTree = "<group>"; };
		37CCFB9D1839AC4F00BAA001 /* bukkit-text-button.png */ = {isa = PBXFileReference; lastKnownFileType = image.png; path = "bukkit-text-button.png"; sourceTree = "<group>"; };
		37CCFB9F1839AC8600BAA001 /* Diddit-Button.png */ = {isa = PBXFileReference; lastKnownFileType = image.png; path = "Diddit-Button.png"; sourceTree = "<group>"; };
		7D029070180E0CF90067B927 /* BukkitCell.h */ = {isa = PBXFileReference; fileEncoding = 4; lastKnownFileType = sourcecode.c.h; path = BukkitCell.h; sourceTree = "<group>"; };
		7D029071180E0CF90067B927 /* BukkitCell.m */ = {isa = PBXFileReference; fileEncoding = 4; lastKnownFileType = sourcecode.c.objc; path = BukkitCell.m; sourceTree = "<group>"; };
		7D029073180E1B8E0067B927 /* hong-kong.png */ = {isa = PBXFileReference; lastKnownFileType = image.png; path = "hong-kong.png"; sourceTree = "<group>"; };
		7D029076180E24090067B927 /* en */ = {isa = PBXFileReference; lastKnownFileType = file.storyboard; name = en; path = en.lproj/MainStoryboard.storyboard; sourceTree = "<group>"; };
		7D09DC6917FA928F00C9B114 /* MainViewController.h */ = {isa = PBXFileReference; fileEncoding = 4; lastKnownFileType = sourcecode.c.h; path = MainViewController.h; sourceTree = "<group>"; };
		7D09DC6A17FA928F00C9B114 /* MainViewController.m */ = {isa = PBXFileReference; fileEncoding = 4; lastKnownFileType = sourcecode.c.objc; path = MainViewController.m; sourceTree = "<group>"; };
		7D09DC7A1803BAB800C9B114 /* SWRevealViewController.h */ = {isa = PBXFileReference; fileEncoding = 4; lastKnownFileType = sourcecode.c.h; name = SWRevealViewController.h; path = ../SWRevealViewController.h; sourceTree = "<group>"; };
		7D09DC7B1803BAB800C9B114 /* SWRevealViewController.m */ = {isa = PBXFileReference; fileEncoding = 4; lastKnownFileType = sourcecode.c.objc; name = SWRevealViewController.m; path = ../SWRevealViewController.m; sourceTree = "<group>"; };
		7D0F9D9717E941C3007B71A9 /* Bukkit.app */ = {isa = PBXFileReference; explicitFileType = wrapper.application; includeInIndex = 0; path = Bukkit.app; sourceTree = BUILT_PRODUCTS_DIR; };
		7D0F9D9A17E941C3007B71A9 /* UIKit.framework */ = {isa = PBXFileReference; lastKnownFileType = wrapper.framework; name = UIKit.framework; path = System/Library/Frameworks/UIKit.framework; sourceTree = SDKROOT; };
		7D0F9D9C17E941C3007B71A9 /* Foundation.framework */ = {isa = PBXFileReference; lastKnownFileType = wrapper.framework; name = Foundation.framework; path = System/Library/Frameworks/Foundation.framework; sourceTree = SDKROOT; };
		7D0F9D9E17E941C3007B71A9 /* CoreGraphics.framework */ = {isa = PBXFileReference; lastKnownFileType = wrapper.framework; name = CoreGraphics.framework; path = System/Library/Frameworks/CoreGraphics.framework; sourceTree = SDKROOT; };
		7D0F9DA217E941C3007B71A9 /* Bukkit-Info.plist */ = {isa = PBXFileReference; lastKnownFileType = text.plist.xml; path = "Bukkit-Info.plist"; sourceTree = "<group>"; };
		7D0F9DA417E941C3007B71A9 /* en */ = {isa = PBXFileReference; lastKnownFileType = text.plist.strings; name = en; path = en.lproj/InfoPlist.strings; sourceTree = "<group>"; };
		7D0F9DA617E941C3007B71A9 /* main.m */ = {isa = PBXFileReference; lastKnownFileType = sourcecode.c.objc; path = main.m; sourceTree = "<group>"; };
		7D0F9DA817E941C3007B71A9 /* Bukkit-Prefix.pch */ = {isa = PBXFileReference; lastKnownFileType = sourcecode.c.h; path = "Bukkit-Prefix.pch"; sourceTree = "<group>"; };
		7D0F9DA917E941C3007B71A9 /* AppDelegate.h */ = {isa = PBXFileReference; lastKnownFileType = sourcecode.c.h; path = AppDelegate.h; sourceTree = "<group>"; };
		7D0F9DAA17E941C3007B71A9 /* AppDelegate.m */ = {isa = PBXFileReference; lastKnownFileType = sourcecode.c.objc; path = AppDelegate.m; sourceTree = "<group>"; };
		7D0F9DAC17E941C3007B71A9 /* Default.png */ = {isa = PBXFileReference; lastKnownFileType = image.png; path = Default.png; sourceTree = "<group>"; };
		7D0F9DAE17E941C3007B71A9 /* Default@2x.png */ = {isa = PBXFileReference; lastKnownFileType = image.png; path = "Default@2x.png"; sourceTree = "<group>"; };
		7D0F9DB017E941C3007B71A9 /* Default-568h@2x.png */ = {isa = PBXFileReference; lastKnownFileType = image.png; path = "Default-568h@2x.png"; sourceTree = "<group>"; };
		7D0F9DB517E941C3007B71A9 /* ViewController.h */ = {isa = PBXFileReference; lastKnownFileType = sourcecode.c.h; path = ViewController.h; sourceTree = "<group>"; };
		7D0F9DB617E941C4007B71A9 /* ViewController.m */ = {isa = PBXFileReference; lastKnownFileType = sourcecode.c.objc; path = ViewController.m; sourceTree = "<group>"; };
		7D0F9DBD17E941C4007B71A9 /* BukkitTests.octest */ = {isa = PBXFileReference; explicitFileType = wrapper.cfbundle; includeInIndex = 0; path = BukkitTests.octest; sourceTree = BUILT_PRODUCTS_DIR; };
		7D0F9DBE17E941C4007B71A9 /* SenTestingKit.framework */ = {isa = PBXFileReference; lastKnownFileType = wrapper.framework; name = SenTestingKit.framework; path = Library/Frameworks/SenTestingKit.framework; sourceTree = DEVELOPER_DIR; };
		7D0F9DC617E941C4007B71A9 /* BukkitTests-Info.plist */ = {isa = PBXFileReference; lastKnownFileType = text.plist.xml; path = "BukkitTests-Info.plist"; sourceTree = "<group>"; };
		7D0F9DC817E941C4007B71A9 /* en */ = {isa = PBXFileReference; lastKnownFileType = text.plist.strings; name = en; path = en.lproj/InfoPlist.strings; sourceTree = "<group>"; };
		7D0F9DCA17E941C4007B71A9 /* BukkitTests.h */ = {isa = PBXFileReference; lastKnownFileType = sourcecode.c.h; path = BukkitTests.h; sourceTree = "<group>"; };
		7D0F9DCB17E941C4007B71A9 /* BukkitTests.m */ = {isa = PBXFileReference; lastKnownFileType = sourcecode.c.objc; path = BukkitTests.m; sourceTree = "<group>"; };
		7D0F9DD517EA804B007B71A9 /* LogInViewController.h */ = {isa = PBXFileReference; fileEncoding = 4; lastKnownFileType = sourcecode.c.h; path = LogInViewController.h; sourceTree = "<group>"; };
		7D0F9DD617EA804B007B71A9 /* LogInViewController.m */ = {isa = PBXFileReference; fileEncoding = 4; lastKnownFileType = sourcecode.c.objc; path = LogInViewController.m; sourceTree = "<group>"; };
		7D0F9DDD17EA81B8007B71A9 /* SignUpViewController.h */ = {isa = PBXFileReference; fileEncoding = 4; lastKnownFileType = sourcecode.c.h; name = SignUpViewController.h; path = ../SignUpViewController.h; sourceTree = "<group>"; };
		7D0F9DDE17EA81B8007B71A9 /* SignUpViewController.m */ = {isa = PBXFileReference; fileEncoding = 4; lastKnownFileType = sourcecode.c.objc; name = SignUpViewController.m; path = ../SignUpViewController.m; sourceTree = "<group>"; };
		7D491BD018123F7900CC44F2 /* button.png */ = {isa = PBXFileReference; lastKnownFileType = image.png; path = button.png; sourceTree = "<group>"; };
		7D5C59EB18331A6300B65E16 /* diddit-grey.png */ = {isa = PBXFileReference; lastKnownFileType = image.png; path = "diddit-grey.png"; sourceTree = "<group>"; };
		7D5C59ED18331AA200B65E16 /* bukkit-blue.png */ = {isa = PBXFileReference; lastKnownFileType = image.png; path = "bukkit-blue.png"; sourceTree = "<group>"; };
		7D5C59EF18331B1D00B65E16 /* bukkit-grey.png */ = {isa = PBXFileReference; lastKnownFileType = image.png; path = "bukkit-grey.png"; sourceTree = "<group>"; };
		7D5C59F118331CAE00B65E16 /* comment-grey.png */ = {isa = PBXFileReference; lastKnownFileType = image.png; path = "comment-grey.png"; sourceTree = "<group>"; };
		7D62C5FC1821279500A74B1D /* LeaderboardCell.h */ = {isa = PBXFileReference; fileEncoding = 4; lastKnownFileType = sourcecode.c.h; path = LeaderboardCell.h; sourceTree = "<group>"; };
		7D62C5FD1821279500A74B1D /* LeaderboardCell.m */ = {isa = PBXFileReference; fileEncoding = 4; lastKnownFileType = sourcecode.c.objc; path = LeaderboardCell.m; sourceTree = "<group>"; };
		7D853A49181768B100332003 /* BukkitListsViewController.h */ = {isa = PBXFileReference; fileEncoding = 4; lastKnownFileType = sourcecode.c.h; path = BukkitListsViewController.h; sourceTree = "<group>"; };
		7D853A4A181768B100332003 /* BukkitListsViewController.m */ = {isa = PBXFileReference; fileEncoding = 4; lastKnownFileType = sourcecode.c.objc; path = BukkitListsViewController.m; sourceTree = "<group>"; };
		7D853A4C181768C100332003 /* LeaderboardViewController.h */ = {isa = PBXFileReference; fileEncoding = 4; lastKnownFileType = sourcecode.c.h; path = LeaderboardViewController.h; sourceTree = "<group>"; };
		7D853A4D181768C100332003 /* LeaderboardViewController.m */ = {isa = PBXFileReference; fileEncoding = 4; lastKnownFileType = sourcecode.c.objc; path = LeaderboardViewController.m; sourceTree = "<group>"; };
		7D88993C181EE90500715E83 /* ActivityViewController.h */ = {isa = PBXFileReference; fileEncoding = 4; lastKnownFileType = sourcecode.c.h; path = ActivityViewController.h; sourceTree = "<group>"; };
		7D88993D181EE90500715E83 /* ActivityViewController.m */ = {isa = PBXFileReference; fileEncoding = 4; lastKnownFileType = sourcecode.c.objc; path = ActivityViewController.m; sourceTree = "<group>"; };
		7D88993F181F1F0300715E83 /* BukkitButtonBackground.png */ = {isa = PBXFileReference; lastKnownFileType = image.png; path = BukkitButtonBackground.png; sourceTree = "<group>"; };
		7D889940181F1F0300715E83 /* DidditButtonBackground.png */ = {isa = PBXFileReference; lastKnownFileType = image.png; path = DidditButtonBackground.png; sourceTree = "<group>"; };
		7D8A27BC1811F7450002B224 /* BukkitViewController.h */ = {isa = PBXFileReference; fileEncoding = 4; lastKnownFileType = sourcecode.c.h; path = BukkitViewController.h; sourceTree = "<group>"; };
		7D8A27BD1811F7450002B224 /* BukkitViewController.m */ = {isa = PBXFileReference; fileEncoding = 4; lastKnownFileType = sourcecode.c.objc; path = BukkitViewController.m; sourceTree = "<group>"; };
		7DA742E5180888B600688A67 /* AddItemViewController.h */ = {isa = PBXFileReference; fileEncoding = 4; lastKnownFileType = sourcecode.c.h; path = AddItemViewController.h; sourceTree = "<group>"; };
		7DA742E6180888B700688A67 /* AddItemViewController.m */ = {isa = PBXFileReference; fileEncoding = 4; lastKnownFileType = sourcecode.c.objc; path = AddItemViewController.m; sourceTree = "<group>"; };
		7DA742E81808A16E00688A67 /* bukkit_logo_v3_114.png */ = {isa = PBXFileReference; lastKnownFileType = image.png; path = bukkit_logo_v3_114.png; sourceTree = "<group>"; };
		7DA742EA1808A17500688A67 /* bukkit_logo_v3_57.png */ = {isa = PBXFileReference; lastKnownFileType = image.png; path = bukkit_logo_v3_57.png; sourceTree = "<group>"; };
		7DA742EF180B955200688A67 /* ListViewController.h */ = {isa = PBXFileReference; fileEncoding = 4; lastKnownFileType = sourcecode.c.h; path = ListViewController.h; sourceTree = "<group>"; };
		7DA742F0180B955200688A67 /* ListViewController.m */ = {isa = PBXFileReference; fileEncoding = 4; lastKnownFileType = sourcecode.c.objc; path = ListViewController.m; sourceTree = "<group>"; };
		7DAF4130183979CE0000AF78 /* Menu-Button.png */ = {isa = PBXFileReference; lastKnownFileType = image.png; path = "Menu-Button.png"; sourceTree = "<group>"; };
		7DAF413218397B090000AF78 /* CommentViewController.h */ = {isa = PBXFileReference; fileEncoding = 4; lastKnownFileType = sourcecode.c.h; path = CommentViewController.h; sourceTree = "<group>"; };
		7DAF413318397B090000AF78 /* CommentViewController.m */ = {isa = PBXFileReference; fileEncoding = 4; lastKnownFileType = sourcecode.c.objc; path = CommentViewController.m; sourceTree = "<group>"; };
		7DB07B82183468DA008F67AC /* GKCropBorderView.h */ = {isa = PBXFileReference; fileEncoding = 4; lastKnownFileType = sourcecode.c.h; path = GKCropBorderView.h; sourceTree = "<group>"; };
		7DB07B83183468DA008F67AC /* GKCropBorderView.m */ = {isa = PBXFileReference; fileEncoding = 4; lastKnownFileType = sourcecode.c.objc; path = GKCropBorderView.m; sourceTree = "<group>"; };
		7DB07B84183468DA008F67AC /* GKImageCropOverlayView.h */ = {isa = PBXFileReference; fileEncoding = 4; lastKnownFileType = sourcecode.c.h; path = GKImageCropOverlayView.h; sourceTree = "<group>"; };
		7DB07B85183468DA008F67AC /* GKImageCropOverlayView.m */ = {isa = PBXFileReference; fileEncoding = 4; lastKnownFileType = sourcecode.c.objc; path = GKImageCropOverlayView.m; sourceTree = "<group>"; };
		7DB07B86183468DA008F67AC /* GKImageCropView.h */ = {isa = PBXFileReference; fileEncoding = 4; lastKnownFileType = sourcecode.c.h; path = GKImageCropView.h; sourceTree = "<group>"; };
		7DB07B87183468DA008F67AC /* GKImageCropView.m */ = {isa = PBXFileReference; fileEncoding = 4; lastKnownFileType = sourcecode.c.objc; path = GKImageCropView.m; sourceTree = "<group>"; };
		7DB07B88183468DA008F67AC /* GKImageCropViewController.h */ = {isa = PBXFileReference; fileEncoding = 4; lastKnownFileType = sourcecode.c.h; path = GKImageCropViewController.h; sourceTree = "<group>"; };
		7DB07B89183468DA008F67AC /* GKImageCropViewController.m */ = {isa = PBXFileReference; fileEncoding = 4; lastKnownFileType = sourcecode.c.objc; path = GKImageCropViewController.m; sourceTree = "<group>"; };
		7DB07B8A183468DA008F67AC /* GKImagePicker.h */ = {isa = PBXFileReference; fileEncoding = 4; lastKnownFileType = sourcecode.c.h; path = GKImagePicker.h; sourceTree = "<group>"; };
		7DB07B8B183468DA008F67AC /* GKImagePicker.m */ = {isa = PBXFileReference; fileEncoding = 4; lastKnownFileType = sourcecode.c.objc; path = GKImagePicker.m; sourceTree = "<group>"; };
		7DB07B8C183468DA008F67AC /* GKResizeableCropOverlayView.h */ = {isa = PBXFileReference; fileEncoding = 4; lastKnownFileType = sourcecode.c.h; path = GKResizeableCropOverlayView.h; sourceTree = "<group>"; };
		7DB07B8D183468DA008F67AC /* GKResizeableCropOverlayView.m */ = {isa = PBXFileReference; fileEncoding = 4; lastKnownFileType = sourcecode.c.objc; path = GKResizeableCropOverlayView.m; sourceTree = "<group>"; };
		7DB07BAE18346BC4008F67AC /* PLCameraSheetButton.png */ = {isa = PBXFileReference; lastKnownFileType = image.png; path = PLCameraSheetButton.png; sourceTree = "<group>"; };
		7DB07BAF18346BC4008F67AC /* PLCameraSheetButton@2x.png */ = {isa = PBXFileReference; lastKnownFileType = image.png; path = "PLCameraSheetButton@2x.png"; sourceTree = "<group>"; };
		7DB07BB018346BC4008F67AC /* PLCameraSheetButtonPressed.png */ = {isa = PBXFileReference; lastKnownFileType = image.png; path = PLCameraSheetButtonPressed.png; sourceTree = "<group>"; };
		7DB07BB118346BC4008F67AC /* PLCameraSheetButtonPressed@2x.png */ = {isa = PBXFileReference; lastKnownFileType = image.png; path = "PLCameraSheetButtonPressed@2x.png"; sourceTree = "<group>"; };
		7DB07BB218346BC4008F67AC /* PLCameraSheetDoneButton.png */ = {isa = PBXFileReference; lastKnownFileType = image.png; path = PLCameraSheetDoneButton.png; sourceTree = "<group>"; };
		7DB07BB318346BC4008F67AC /* PLCameraSheetDoneButton@2x.png */ = {isa = PBXFileReference; lastKnownFileType = image.png; path = "PLCameraSheetDoneButton@2x.png"; sourceTree = "<group>"; };
		7DB07BB418346BC4008F67AC /* PLCameraSheetDoneButtonPressed.png */ = {isa = PBXFileReference; lastKnownFileType = image.png; path = PLCameraSheetDoneButtonPressed.png; sourceTree = "<group>"; };
		7DB07BB518346BC4008F67AC /* PLCameraSheetDoneButtonPressed@2x.png */ = {isa = PBXFileReference; lastKnownFileType = image.png; path = "PLCameraSheetDoneButtonPressed@2x.png"; sourceTree = "<group>"; };
		7DB88DA317EFB363005906A5 /* LogInTableViewController.h */ = {isa = PBXFileReference; fileEncoding = 4; lastKnownFileType = sourcecode.c.h; path = LogInTableViewController.h; sourceTree = "<group>"; };
		7DB88DA417EFB363005906A5 /* LogInTableViewController.m */ = {isa = PBXFileReference; fileEncoding = 4; lastKnownFileType = sourcecode.c.objc; path = LogInTableViewController.m; sourceTree = "<group>"; };
		7DBEE17C18050F2B00C16BF2 /* SideBarViewController.h */ = {isa = PBXFileReference; fileEncoding = 4; lastKnownFileType = sourcecode.c.h; path = SideBarViewController.h; sourceTree = "<group>"; };
		7DBEE17D18050F2B00C16BF2 /* SideBarViewController.m */ = {isa = PBXFileReference; fileEncoding = 4; lastKnownFileType = sourcecode.c.objc; path = SideBarViewController.m; sourceTree = "<group>"; };
		7DBEE186180519B500C16BF2 /* ProfileViewController.h */ = {isa = PBXFileReference; fileEncoding = 4; lastKnownFileType = sourcecode.c.h; path = ProfileViewController.h; sourceTree = "<group>"; };
		7DBEE187180519B500C16BF2 /* ProfileViewController.m */ = {isa = PBXFileReference; fileEncoding = 4; lastKnownFileType = sourcecode.c.objc; path = ProfileViewController.m; sourceTree = "<group>"; };
		7DBEE189180519D500C16BF2 /* SettingsViewController.h */ = {isa = PBXFileReference; fileEncoding = 4; lastKnownFileType = sourcecode.c.h; path = SettingsViewController.h; sourceTree = "<group>"; };
		7DBEE18A180519D500C16BF2 /* SettingsViewController.m */ = {isa = PBXFileReference; fileEncoding = 4; lastKnownFileType = sourcecode.c.objc; path = SettingsViewController.m; sourceTree = "<group>"; };
		7DBF1F8217F39FC40023C32B /* Parse.framework */ = {isa = PBXFileReference; lastKnownFileType = wrapper.framework; path = Parse.framework; sourceTree = "<group>"; };
		7DBF1F8417F3A0420023C32B /* AudioToolbox.framework */ = {isa = PBXFileReference; lastKnownFileType = wrapper.framework; name = AudioToolbox.framework; path = System/Library/Frameworks/AudioToolbox.framework; sourceTree = SDKROOT; };
		7DBF1F8617F3A7D40023C32B /* CFNetwork.framework */ = {isa = PBXFileReference; lastKnownFileType = wrapper.framework; name = CFNetwork.framework; path = System/Library/Frameworks/CFNetwork.framework; sourceTree = SDKROOT; };
		7DBF1F8817F3A85C0023C32B /* CoreLocation.framework */ = {isa = PBXFileReference; lastKnownFileType = wrapper.framework; name = CoreLocation.framework; path = System/Library/Frameworks/CoreLocation.framework; sourceTree = SDKROOT; };
		7DBF1F8A17F3A88D0023C32B /* libz.1.1.3.dylib */ = {isa = PBXFileReference; lastKnownFileType = "compiled.mach-o.dylib"; name = libz.1.1.3.dylib; path = usr/lib/libz.1.1.3.dylib; sourceTree = SDKROOT; };
		7DBF1F8C17F3A8A10023C32B /* MobileCoreServices.framework */ = {isa = PBXFileReference; lastKnownFileType = wrapper.framework; name = MobileCoreServices.framework; path = System/Library/Frameworks/MobileCoreServices.framework; sourceTree = SDKROOT; };
		7DBF1F8E17F3A8B40023C32B /* QuartzCore.framework */ = {isa = PBXFileReference; lastKnownFileType = wrapper.framework; name = QuartzCore.framework; path = System/Library/Frameworks/QuartzCore.framework; sourceTree = SDKROOT; };
		7DBF1F9017F3A8CF0023C32B /* Security.framework */ = {isa = PBXFileReference; lastKnownFileType = wrapper.framework; name = Security.framework; path = System/Library/Frameworks/Security.framework; sourceTree = SDKROOT; };
		7DBF1F9417F3A8F60023C32B /* SystemConfiguration.framework */ = {isa = PBXFileReference; lastKnownFileType = wrapper.framework; name = SystemConfiguration.framework; path = System/Library/Frameworks/SystemConfiguration.framework; sourceTree = SDKROOT; };
		7DBF345D1830794900609408 /* slidemenu.png */ = {isa = PBXFileReference; lastKnownFileType = image.png; path = slidemenu.png; sourceTree = "<group>"; };
		7DBF345F18307B7200609408 /* icon-settings.png */ = {isa = PBXFileReference; lastKnownFileType = image.png; path = "icon-settings.png"; sourceTree = "<group>"; };
		7DBF346018307B7200609408 /* icon-profile.png */ = {isa = PBXFileReference; lastKnownFileType = image.png; path = "icon-profile.png"; sourceTree = "<group>"; };
		7DBF346118307B7200609408 /* icon-list.png */ = {isa = PBXFileReference; lastKnownFileType = image.png; path = "icon-list.png"; sourceTree = "<group>"; };
		7DBF346218307B7200609408 /* icon-leaderboard.png */ = {isa = PBXFileReference; lastKnownFileType = image.png; path = "icon-leaderboard.png"; sourceTree = "<group>"; };
		7DBF346318307B7200609408 /* icon-feed.png */ = {isa = PBXFileReference; lastKnownFileType = image.png; path = "icon-feed.png"; sourceTree = "<group>"; };
		7DC5EDBA1828920F00456E32 /* Default~iphone.png */ = {isa = PBXFileReference; lastKnownFileType = image.png; path = "Default~iphone.png"; sourceTree = "<group>"; };
		7DC5EDBC18289C8400456E32 /* logo.png */ = {isa = PBXFileReference; lastKnownFileType = image.png; path = logo.png; sourceTree = "<group>"; };
		7DC5EDC11829F3E100456E32 /* UserActivityViewController.h */ = {isa = PBXFileReference; fileEncoding = 4; lastKnownFileType = sourcecode.c.h; path = UserActivityViewController.h; sourceTree = "<group>"; };
		7DC5EDC21829F3E100456E32 /* UserActivityViewController.m */ = {isa = PBXFileReference; fileEncoding = 4; lastKnownFileType = sourcecode.c.objc; path = UserActivityViewController.m; sourceTree = "<group>"; };
		7DDF996917FA5D7F0076A5DE /* FacebookSDK.framework */ = {isa = PBXFileReference; lastKnownFileType = wrapper.framework; path = FacebookSDK.framework; sourceTree = "<group>"; };
/* End PBXFileReference section */

/* Begin PBXFrameworksBuildPhase section */
		7D0F9D9417E941C3007B71A9 /* Frameworks */ = {
			isa = PBXFrameworksBuildPhase;
			buildActionMask = 2147483647;
			files = (
				7DBF1F9617F3A9080023C32B /* AudioToolbox.framework in Frameworks */,
				7DBF1F9517F3A8F60023C32B /* SystemConfiguration.framework in Frameworks */,
				7DBF1F9117F3A8CF0023C32B /* Security.framework in Frameworks */,
				7DBF1F8F17F3A8B40023C32B /* QuartzCore.framework in Frameworks */,
				7DBF1F8D17F3A8A10023C32B /* MobileCoreServices.framework in Frameworks */,
				7DBF1F8B17F3A88D0023C32B /* libz.1.1.3.dylib in Frameworks */,
				7DBF1F8917F3A85C0023C32B /* CoreLocation.framework in Frameworks */,
				7D0F9D9F17E941C3007B71A9 /* CoreGraphics.framework in Frameworks */,
				7DBF1F8717F3A7D40023C32B /* CFNetwork.framework in Frameworks */,
				7D0F9D9B17E941C3007B71A9 /* UIKit.framework in Frameworks */,
				37CCFB7918398DCB00BAA001 /* Parse.framework in Frameworks */,
				37CCFB7C18398E4400BAA001 /* FacebookSDK.framework in Frameworks */,
				7DBF1F8317F39FC40023C32B /* Parse.framework in Frameworks */,
				7D0F9D9D17E941C3007B71A9 /* Foundation.framework in Frameworks */,
				7DDF996A17FA5D7F0076A5DE /* FacebookSDK.framework in Frameworks */,
			);
			runOnlyForDeploymentPostprocessing = 0;
		};
		7D0F9DB917E941C4007B71A9 /* Frameworks */ = {
			isa = PBXFrameworksBuildPhase;
			buildActionMask = 2147483647;
			files = (
				7D0F9DBF17E941C4007B71A9 /* SenTestingKit.framework in Frameworks */,
				7D0F9DC017E941C4007B71A9 /* UIKit.framework in Frameworks */,
				7D0F9DC117E941C4007B71A9 /* Foundation.framework in Frameworks */,
			);
			runOnlyForDeploymentPostprocessing = 0;
		};
/* End PBXFrameworksBuildPhase section */

/* Begin PBXGroup section */
		7D0F9D8E17E941C3007B71A9 = {
			isa = PBXGroup;
			children = (
				7D0F9DA017E941C3007B71A9 /* Bukkit */,
				7D0F9DC417E941C4007B71A9 /* BukkitTests */,
				7D0F9D9917E941C3007B71A9 /* Frameworks */,
				7D0F9D9817E941C3007B71A9 /* Products */,
			);
			sourceTree = "<group>";
		};
		7D0F9D9817E941C3007B71A9 /* Products */ = {
			isa = PBXGroup;
			children = (
				7D0F9D9717E941C3007B71A9 /* Bukkit.app */,
				7D0F9DBD17E941C4007B71A9 /* BukkitTests.octest */,
			);
			name = Products;
			sourceTree = "<group>";
		};
		7D0F9D9917E941C3007B71A9 /* Frameworks */ = {
			isa = PBXGroup;
			children = (
				37CCFB7B18398E4400BAA001 /* FacebookSDK.framework */,
				37CCFB7818398DCB00BAA001 /* Parse.framework */,
				7DDF996917FA5D7F0076A5DE /* FacebookSDK.framework */,
				7DBF1F8A17F3A88D0023C32B /* libz.1.1.3.dylib */,
				7DBF1F8617F3A7D40023C32B /* CFNetwork.framework */,
				7DBF1F8817F3A85C0023C32B /* CoreLocation.framework */,
				7DBF1F8C17F3A8A10023C32B /* MobileCoreServices.framework */,
				7DBF1F8E17F3A8B40023C32B /* QuartzCore.framework */,
				7DBF1F9017F3A8CF0023C32B /* Security.framework */,
				7DBF1F8217F39FC40023C32B /* Parse.framework */,
				7DBF1F9417F3A8F60023C32B /* SystemConfiguration.framework */,
				7DBF1F8417F3A0420023C32B /* AudioToolbox.framework */,
				7D0F9D9A17E941C3007B71A9 /* UIKit.framework */,
				7D0F9D9C17E941C3007B71A9 /* Foundation.framework */,
				7D0F9D9E17E941C3007B71A9 /* CoreGraphics.framework */,
				7D0F9DBE17E941C4007B71A9 /* SenTestingKit.framework */,
			);
			name = Frameworks;
			sourceTree = "<group>";
		};
		7D0F9DA017E941C3007B71A9 /* Bukkit */ = {
			isa = PBXGroup;
			children = (
				7D029075180E24090067B927 /* MainStoryboard.storyboard */,
				7D8A27BF181208B70002B224 /* Views */,
				7D8A27B71810CC5D0002B224 /* View Controllers */,
				7D0F9DA917E941C3007B71A9 /* AppDelegate.h */,
				7D0F9DAA17E941C3007B71A9 /* AppDelegate.m */,
				7DB07BAD18346BC4008F67AC /* GKImages */,
				7DB07B81183468DA008F67AC /* GKClasses */,
				7D0F9DA117E941C3007B71A9 /* Supporting Files */,
			);
			path = Bukkit;
			sourceTree = "<group>";
		};
		7D0F9DA117E941C3007B71A9 /* Supporting Files */ = {
			isa = PBXGroup;
			children = (
				37CCFB9F1839AC8600BAA001 /* Diddit-Button.png */,
				37CCFB9D1839AC4F00BAA001 /* bukkit-text-button.png */,
				37CCFB991839A35B00BAA001 /* bukkit-tab.png */,
				37CCFB971839A30C00BAA001 /* bukkit-tab-blue.png */,
				37CCFB951839A28000BAA001 /* comment-tab.png */,
				37CCFB931839A23D00BAA001 /* diddit-tab.png */,
				37CCFB911839A1D800BAA001 /* diddit-tab-orange.png */,
				37CCFB8F1839A0B100BAA001 /* diddit-tab-blue.png */,
				7DAF4130183979CE0000AF78 /* Menu-Button.png */,
				7D5C59F118331CAE00B65E16 /* comment-grey.png */,
				7D5C59EF18331B1D00B65E16 /* bukkit-grey.png */,
				7D5C59ED18331AA200B65E16 /* bukkit-blue.png */,
				7D5C59EB18331A6300B65E16 /* diddit-grey.png */,
				7DBF345F18307B7200609408 /* icon-settings.png */,
				7DBF346018307B7200609408 /* icon-profile.png */,
				7DBF346118307B7200609408 /* icon-list.png */,
				7DBF346218307B7200609408 /* icon-leaderboard.png */,
				7DBF346318307B7200609408 /* icon-feed.png */,
				7DBF345D1830794900609408 /* slidemenu.png */,
				7DC5EDBC18289C8400456E32 /* logo.png */,
				7DC5EDBA1828920F00456E32 /* Default~iphone.png */,
				7D88993F181F1F0300715E83 /* BukkitButtonBackground.png */,
				7D889940181F1F0300715E83 /* DidditButtonBackground.png */,
				7D491BD018123F7900CC44F2 /* button.png */,
				7D029073180E1B8E0067B927 /* hong-kong.png */,
				7DA742EA1808A17500688A67 /* bukkit_logo_v3_57.png */,
				7DA742E81808A16E00688A67 /* bukkit_logo_v3_114.png */,
				7D0F9DA217E941C3007B71A9 /* Bukkit-Info.plist */,
				7D0F9DA317E941C3007B71A9 /* InfoPlist.strings */,
				7D0F9DA617E941C3007B71A9 /* main.m */,
				7D0F9DA817E941C3007B71A9 /* Bukkit-Prefix.pch */,
				7D0F9DAC17E941C3007B71A9 /* Default.png */,
				7D0F9DAE17E941C3007B71A9 /* Default@2x.png */,
				7D0F9DB017E941C3007B71A9 /* Default-568h@2x.png */,
			);
			name = "Supporting Files";
			sourceTree = "<group>";
		};
		7D0F9DC417E941C4007B71A9 /* BukkitTests */ = {
			isa = PBXGroup;
			children = (
				7D0F9DCA17E941C4007B71A9 /* BukkitTests.h */,
				7D0F9DCB17E941C4007B71A9 /* BukkitTests.m */,
				7D0F9DC517E941C4007B71A9 /* Supporting Files */,
			);
			path = BukkitTests;
			sourceTree = "<group>";
		};
		7D0F9DC517E941C4007B71A9 /* Supporting Files */ = {
			isa = PBXGroup;
			children = (
				7D0F9DC617E941C4007B71A9 /* BukkitTests-Info.plist */,
				7D0F9DC717E941C4007B71A9 /* InfoPlist.strings */,
			);
			name = "Supporting Files";
			sourceTree = "<group>";
		};
		7D8A27B71810CC5D0002B224 /* View Controllers */ = {
			isa = PBXGroup;
			children = (
				7D8A27BB1811F7160002B224 /* DetailView */,
				7D8A27BA1810CD670002B224 /* MainList */,
				7D8A27B91810CD120002B224 /* SlideOut */,
				7D8A27B81810CCE20002B224 /* Login */,
				7DBEE186180519B500C16BF2 /* ProfileViewController.h */,
				7DBEE187180519B500C16BF2 /* ProfileViewController.m */,
				7DBEE189180519D500C16BF2 /* SettingsViewController.h */,
				7DBEE18A180519D500C16BF2 /* SettingsViewController.m */,
				7D853A49181768B100332003 /* BukkitListsViewController.h */,
				7D853A4A181768B100332003 /* BukkitListsViewController.m */,
				7DC5EDC11829F3E100456E32 /* UserActivityViewController.h */,
				7DC5EDC21829F3E100456E32 /* UserActivityViewController.m */,
				7D853A4C181768C100332003 /* LeaderboardViewController.h */,
				7D853A4D181768C100332003 /* LeaderboardViewController.m */,
			);
			name = "View Controllers";
			sourceTree = "<group>";
		};
		7D8A27B81810CCE20002B224 /* Login */ = {
			isa = PBXGroup;
			children = (
				7D0F9DB517E941C3007B71A9 /* ViewController.h */,
				7D0F9DB617E941C4007B71A9 /* ViewController.m */,
				7D0F9DD517EA804B007B71A9 /* LogInViewController.h */,
				7D0F9DD617EA804B007B71A9 /* LogInViewController.m */,
				7DB88DA317EFB363005906A5 /* LogInTableViewController.h */,
				7DB88DA417EFB363005906A5 /* LogInTableViewController.m */,
				7D0F9DDD17EA81B8007B71A9 /* SignUpViewController.h */,
				7D0F9DDE17EA81B8007B71A9 /* SignUpViewController.m */,
			);
			name = Login;
			sourceTree = "<group>";
		};
		7D8A27B91810CD120002B224 /* SlideOut */ = {
			isa = PBXGroup;
			children = (
				7DBEE17C18050F2B00C16BF2 /* SideBarViewController.h */,
				7DBEE17D18050F2B00C16BF2 /* SideBarViewController.m */,
				7D09DC7A1803BAB800C9B114 /* SWRevealViewController.h */,
				7D09DC7B1803BAB800C9B114 /* SWRevealViewController.m */,
			);
			name = SlideOut;
			sourceTree = "<group>";
		};
		7D8A27BA1810CD670002B224 /* MainList */ = {
			isa = PBXGroup;
			children = (
				7DA742E5180888B600688A67 /* AddItemViewController.h */,
				7DA742E6180888B700688A67 /* AddItemViewController.m */,
				7D09DC6917FA928F00C9B114 /* MainViewController.h */,
				7D09DC6A17FA928F00C9B114 /* MainViewController.m */,
				7DA742EF180B955200688A67 /* ListViewController.h */,
				7DA742F0180B955200688A67 /* ListViewController.m */,
				7DAF413218397B090000AF78 /* CommentViewController.h */,
				7DAF413318397B090000AF78 /* CommentViewController.m */,
			);
			name = MainList;
			sourceTree = "<group>";
		};
		7D8A27BB1811F7160002B224 /* DetailView */ = {
			isa = PBXGroup;
			children = (
				7D8A27BC1811F7450002B224 /* BukkitViewController.h */,
				7D8A27BD1811F7450002B224 /* BukkitViewController.m */,
				7D88993C181EE90500715E83 /* ActivityViewController.h */,
				7D88993D181EE90500715E83 /* ActivityViewController.m */,
			);
			name = DetailView;
			sourceTree = "<group>";
		};
		7D8A27BF181208B70002B224 /* Views */ = {
			isa = PBXGroup;
			children = (
				7D029070180E0CF90067B927 /* BukkitCell.h */,
				7D029071180E0CF90067B927 /* BukkitCell.m */,
				7D62C5FC1821279500A74B1D /* LeaderboardCell.h */,
				7D62C5FD1821279500A74B1D /* LeaderboardCell.m */,
			);
			name = Views;
			sourceTree = "<group>";
		};
		7DB07B81183468DA008F67AC /* GKClasses */ = {
			isa = PBXGroup;
			children = (
				7DB07B82183468DA008F67AC /* GKCropBorderView.h */,
				7DB07B83183468DA008F67AC /* GKCropBorderView.m */,
				7DB07B84183468DA008F67AC /* GKImageCropOverlayView.h */,
				7DB07B85183468DA008F67AC /* GKImageCropOverlayView.m */,
				7DB07B86183468DA008F67AC /* GKImageCropView.h */,
				7DB07B87183468DA008F67AC /* GKImageCropView.m */,
				7DB07B88183468DA008F67AC /* GKImageCropViewController.h */,
				7DB07B89183468DA008F67AC /* GKImageCropViewController.m */,
				7DB07B8A183468DA008F67AC /* GKImagePicker.h */,
				7DB07B8B183468DA008F67AC /* GKImagePicker.m */,
				7DB07B8C183468DA008F67AC /* GKResizeableCropOverlayView.h */,
				7DB07B8D183468DA008F67AC /* GKResizeableCropOverlayView.m */,
			);
			path = GKClasses;
			sourceTree = "<group>";
		};
		7DB07BAD18346BC4008F67AC /* GKImages */ = {
			isa = PBXGroup;
			children = (
				7DB07BAE18346BC4008F67AC /* PLCameraSheetButton.png */,
				7DB07BAF18346BC4008F67AC /* PLCameraSheetButton@2x.png */,
				7DB07BB018346BC4008F67AC /* PLCameraSheetButtonPressed.png */,
				7DB07BB118346BC4008F67AC /* PLCameraSheetButtonPressed@2x.png */,
				7DB07BB218346BC4008F67AC /* PLCameraSheetDoneButton.png */,
				7DB07BB318346BC4008F67AC /* PLCameraSheetDoneButton@2x.png */,
				7DB07BB418346BC4008F67AC /* PLCameraSheetDoneButtonPressed.png */,
				7DB07BB518346BC4008F67AC /* PLCameraSheetDoneButtonPressed@2x.png */,
			);
			path = GKImages;
			sourceTree = "<group>";
		};
/* End PBXGroup section */

/* Begin PBXNativeTarget section */
		7D0F9D9617E941C3007B71A9 /* Bukkit */ = {
			isa = PBXNativeTarget;
			buildConfigurationList = 7D0F9DCF17E941C4007B71A9 /* Build configuration list for PBXNativeTarget "Bukkit" */;
			buildPhases = (
				7D0F9D9317E941C3007B71A9 /* Sources */,
				7D0F9D9417E941C3007B71A9 /* Frameworks */,
				7D0F9D9517E941C3007B71A9 /* Resources */,
			);
			buildRules = (
			);
			dependencies = (
			);
			name = Bukkit;
			productName = Bukkit;
			productReference = 7D0F9D9717E941C3007B71A9 /* Bukkit.app */;
			productType = "com.apple.product-type.application";
		};
		7D0F9DBC17E941C4007B71A9 /* BukkitTests */ = {
			isa = PBXNativeTarget;
			buildConfigurationList = 7D0F9DD217E941C4007B71A9 /* Build configuration list for PBXNativeTarget "BukkitTests" */;
			buildPhases = (
				7D0F9DB817E941C4007B71A9 /* Sources */,
				7D0F9DB917E941C4007B71A9 /* Frameworks */,
				7D0F9DBA17E941C4007B71A9 /* Resources */,
				7D0F9DBB17E941C4007B71A9 /* ShellScript */,
			);
			buildRules = (
			);
			dependencies = (
				7D0F9DC317E941C4007B71A9 /* PBXTargetDependency */,
			);
			name = BukkitTests;
			productName = BukkitTests;
			productReference = 7D0F9DBD17E941C4007B71A9 /* BukkitTests.octest */;
			productType = "com.apple.product-type.bundle";
		};
/* End PBXNativeTarget section */

/* Begin PBXProject section */
		7D0F9D8F17E941C3007B71A9 /* Project object */ = {
			isa = PBXProject;
			attributes = {
				LastUpgradeCheck = 0460;
				ORGANIZATIONNAME = "Kevin Lamb";
				TargetAttributes = {
					7D0F9D9617E941C3007B71A9 = {
						DevelopmentTeam = KDM4X853C3;
						SystemCapabilities = {
							com.apple.InAppPurchase = {
								enabled = 0;
							};
						};
					};
				};
			};
			buildConfigurationList = 7D0F9D9217E941C3007B71A9 /* Build configuration list for PBXProject "Bukkit" */;
			compatibilityVersion = "Xcode 3.2";
			developmentRegion = English;
			hasScannedForEncodings = 0;
			knownRegions = (
				en,
			);
			mainGroup = 7D0F9D8E17E941C3007B71A9;
			productRefGroup = 7D0F9D9817E941C3007B71A9 /* Products */;
			projectDirPath = "";
			projectRoot = "";
			targets = (
				7D0F9D9617E941C3007B71A9 /* Bukkit */,
				7D0F9DBC17E941C4007B71A9 /* BukkitTests */,
			);
		};
/* End PBXProject section */

/* Begin PBXResourcesBuildPhase section */
		7D0F9D9517E941C3007B71A9 /* Resources */ = {
			isa = PBXResourcesBuildPhase;
			buildActionMask = 2147483647;
			files = (
				7DAF4131183979CE0000AF78 /* Menu-Button.png in Resources */,
				7D5C59EC18331A6300B65E16 /* diddit-grey.png in Resources */,
				7DB07BB718346BC4008F67AC /* PLCameraSheetButton@2x.png in Resources */,
				37CCFB961839A28000BAA001 /* comment-tab.png in Resources */,
				7D5C59EE18331AA200B65E16 /* bukkit-blue.png in Resources */,
				7D5C59F218331CAE00B65E16 /* comment-grey.png in Resources */,
				37CCFB9E1839AC4F00BAA001 /* bukkit-text-button.png in Resources */,
				7DA742E91808A16E00688A67 /* bukkit_logo_v3_114.png in Resources */,
				7D491BD118123F7900CC44F2 /* button.png in Resources */,
				7D889941181F1F0300715E83 /* BukkitButtonBackground.png in Resources */,
				7D0F9DA517E941C3007B71A9 /* InfoPlist.strings in Resources */,
				7DB07BB818346BC4008F67AC /* PLCameraSheetButtonPressed.png in Resources */,
				7DBF345E1830794900609408 /* slidemenu.png in Resources */,
				37CCFB901839A0B100BAA001 /* diddit-tab-blue.png in Resources */,
				37CCFB941839A23D00BAA001 /* diddit-tab.png in Resources */,
				37CCFB9A1839A35B00BAA001 /* bukkit-tab.png in Resources */,
				7DC5EDBB1828920F00456E32 /* Default~iphone.png in Resources */,
				37CCFB981839A30C00BAA001 /* bukkit-tab-blue.png in Resources */,
				7D0F9DAD17E941C3007B71A9 /* Default.png in Resources */,
				7D029074180E1B8E0067B927 /* hong-kong.png in Resources */,
				7DBF346618307B7200609408 /* icon-list.png in Resources */,
				7DA742EB1808A17500688A67 /* bukkit_logo_v3_57.png in Resources */,
				7D029077180E24090067B927 /* MainStoryboard.storyboard in Resources */,
				37CCFBA01839AC8600BAA001 /* Diddit-Button.png in Resources */,
				7DB07BB618346BC4008F67AC /* PLCameraSheetButton.png in Resources */,
				7DBF346518307B7200609408 /* icon-profile.png in Resources */,
				7DB07BB918346BC4008F67AC /* PLCameraSheetButtonPressed@2x.png in Resources */,
				7DB07BBC18346BC4008F67AC /* PLCameraSheetDoneButtonPressed.png in Resources */,
				7DB07BBB18346BC4008F67AC /* PLCameraSheetDoneButton@2x.png in Resources */,
				7D889942181F1F0300715E83 /* DidditButtonBackground.png in Resources */,
				7DC5EDBD18289C8400456E32 /* logo.png in Resources */,
				7DB07BBD18346BC4008F67AC /* PLCameraSheetDoneButtonPressed@2x.png in Resources */,
				7D5C59F018331B1D00B65E16 /* bukkit-grey.png in Resources */,
				7DBF346718307B7200609408 /* icon-leaderboard.png in Resources */,
				7DBF346818307B7200609408 /* icon-feed.png in Resources */,
				7DBF346418307B7200609408 /* icon-settings.png in Resources */,
				37CCFB921839A1D800BAA001 /* diddit-tab-orange.png in Resources */,
				7D0F9DAF17E941C3007B71A9 /* Default@2x.png in Resources */,
				7D0F9DB117E941C3007B71A9 /* Default-568h@2x.png in Resources */,
				7DB07BBA18346BC4008F67AC /* PLCameraSheetDoneButton.png in Resources */,
			);
			runOnlyForDeploymentPostprocessing = 0;
		};
		7D0F9DBA17E941C4007B71A9 /* Resources */ = {
			isa = PBXResourcesBuildPhase;
			buildActionMask = 2147483647;
			files = (
				7D0F9DC917E941C4007B71A9 /* InfoPlist.strings in Resources */,
			);
			runOnlyForDeploymentPostprocessing = 0;
		};
/* End PBXResourcesBuildPhase section */

/* Begin PBXShellScriptBuildPhase section */
		7D0F9DBB17E941C4007B71A9 /* ShellScript */ = {
			isa = PBXShellScriptBuildPhase;
			buildActionMask = 2147483647;
			files = (
			);
			inputPaths = (
			);
			outputPaths = (
			);
			runOnlyForDeploymentPostprocessing = 0;
			shellPath = /bin/sh;
			shellScript = "# Run the unit tests in this test bundle.\n\"${SYSTEM_DEVELOPER_DIR}/Tools/RunUnitTests\"\n";
		};
/* End PBXShellScriptBuildPhase section */

/* Begin PBXSourcesBuildPhase section */
		7D0F9D9317E941C3007B71A9 /* Sources */ = {
			isa = PBXSourcesBuildPhase;
			buildActionMask = 2147483647;
			files = (
				7DB07BA0183468DA008F67AC /* GKImageCropView.m in Sources */,
				7DBEE17E18050F2B00C16BF2 /* SideBarViewController.m in Sources */,
				7D0F9DA717E941C3007B71A9 /* main.m in Sources */,
				7D0F9DAB17E941C3007B71A9 /* AppDelegate.m in Sources */,
				7DB07B9F183468DA008F67AC /* GKImageCropOverlayView.m in Sources */,
				7D0F9DB717E941C4007B71A9 /* ViewController.m in Sources */,
				7D853A4E181768C100332003 /* LeaderboardViewController.m in Sources */,
				7DBEE188180519B500C16BF2 /* ProfileViewController.m in Sources */,
				7D0F9DD717EA804C007B71A9 /* LogInViewController.m in Sources */,
				7D88993E181EE90500715E83 /* ActivityViewController.m in Sources */,
				7D029072180E0CF90067B927 /* BukkitCell.m in Sources */,
				7D0F9DDF17EA81B8007B71A9 /* SignUpViewController.m in Sources */,
				7DC5EDC31829F3E100456E32 /* UserActivityViewController.m in Sources */,
				7DB88DA517EFB363005906A5 /* LogInTableViewController.m in Sources */,
				7DBEE18B180519D500C16BF2 /* SettingsViewController.m in Sources */,
				7DAF413418397B090000AF78 /* CommentViewController.m in Sources */,
				7DA742E7180888B700688A67 /* AddItemViewController.m in Sources */,
				7DB07BA2183468DA008F67AC /* GKImagePicker.m in Sources */,
				7DA742F1180B955300688A67 /* ListViewController.m in Sources */,
				7D09DC6B17FA928F00C9B114 /* MainViewController.m in Sources */,
				7DB07B9E183468DA008F67AC /* GKCropBorderView.m in Sources */,
				7D09DC7D1803C70500C9B114 /* SWRevealViewController.m in Sources */,
				7DB07BA3183468DA008F67AC /* GKResizeableCropOverlayView.m in Sources */,
				7D62C5FE1821279500A74B1D /* LeaderboardCell.m in Sources */,
				7D853A4B181768B100332003 /* BukkitListsViewController.m in Sources */,
				7DB07BA1183468DA008F67AC /* GKImageCropViewController.m in Sources */,
				7D8A27BE1811F7450002B224 /* BukkitViewController.m in Sources */,
			);
			runOnlyForDeploymentPostprocessing = 0;
		};
		7D0F9DB817E941C4007B71A9 /* Sources */ = {
			isa = PBXSourcesBuildPhase;
			buildActionMask = 2147483647;
			files = (
				7D0F9DCC17E941C4007B71A9 /* BukkitTests.m in Sources */,
				7D09DC7C1803BAB900C9B114 /* SWRevealViewController.m in Sources */,
			);
			runOnlyForDeploymentPostprocessing = 0;
		};
/* End PBXSourcesBuildPhase section */

/* Begin PBXTargetDependency section */
		7D0F9DC317E941C4007B71A9 /* PBXTargetDependency */ = {
			isa = PBXTargetDependency;
			target = 7D0F9D9617E941C3007B71A9 /* Bukkit */;
			targetProxy = 7D0F9DC217E941C4007B71A9 /* PBXContainerItemProxy */;
		};
/* End PBXTargetDependency section */

/* Begin PBXVariantGroup section */
		7D029075180E24090067B927 /* MainStoryboard.storyboard */ = {
			isa = PBXVariantGroup;
			children = (
				7D029076180E24090067B927 /* en */,
			);
			name = MainStoryboard.storyboard;
			sourceTree = "<group>";
		};
		7D0F9DA317E941C3007B71A9 /* InfoPlist.strings */ = {
			isa = PBXVariantGroup;
			children = (
				7D0F9DA417E941C3007B71A9 /* en */,
			);
			name = InfoPlist.strings;
			sourceTree = "<group>";
		};
		7D0F9DC717E941C4007B71A9 /* InfoPlist.strings */ = {
			isa = PBXVariantGroup;
			children = (
				7D0F9DC817E941C4007B71A9 /* en */,
			);
			name = InfoPlist.strings;
			sourceTree = "<group>";
		};
/* End PBXVariantGroup section */

/* Begin XCBuildConfiguration section */
		7D0F9DCD17E941C4007B71A9 /* Debug */ = {
			isa = XCBuildConfiguration;
			buildSettings = {
				ALWAYS_SEARCH_USER_PATHS = NO;
				CLANG_CXX_LANGUAGE_STANDARD = "gnu++0x";
				CLANG_CXX_LIBRARY = "libc++";
				CLANG_ENABLE_OBJC_ARC = YES;
				CLANG_WARN_CONSTANT_CONVERSION = YES;
				CLANG_WARN_EMPTY_BODY = YES;
				CLANG_WARN_ENUM_CONVERSION = YES;
				CLANG_WARN_INT_CONVERSION = YES;
				CLANG_WARN__DUPLICATE_METHOD_MATCH = YES;
				"CODE_SIGN_IDENTITY[sdk=iphoneos*]" = "iPhone Developer";
				COPY_PHASE_STRIP = NO;
				GCC_C_LANGUAGE_STANDARD = gnu99;
				GCC_DYNAMIC_NO_PIC = NO;
				GCC_OPTIMIZATION_LEVEL = 0;
				GCC_PREPROCESSOR_DEFINITIONS = (
					"DEBUG=1",
					"$(inherited)",
				);
				GCC_SYMBOLS_PRIVATE_EXTERN = NO;
				GCC_WARN_ABOUT_RETURN_TYPE = YES;
				GCC_WARN_UNINITIALIZED_AUTOS = YES;
				GCC_WARN_UNUSED_VARIABLE = YES;
				IPHONEOS_DEPLOYMENT_TARGET = 6.1;
				ONLY_ACTIVE_ARCH = YES;
				SDKROOT = iphoneos;
			};
			name = Debug;
		};
		7D0F9DCE17E941C4007B71A9 /* Release */ = {
			isa = XCBuildConfiguration;
			buildSettings = {
				ALWAYS_SEARCH_USER_PATHS = NO;
				CLANG_CXX_LANGUAGE_STANDARD = "gnu++0x";
				CLANG_CXX_LIBRARY = "libc++";
				CLANG_ENABLE_OBJC_ARC = YES;
				CLANG_WARN_CONSTANT_CONVERSION = YES;
				CLANG_WARN_EMPTY_BODY = YES;
				CLANG_WARN_ENUM_CONVERSION = YES;
				CLANG_WARN_INT_CONVERSION = YES;
				CLANG_WARN__DUPLICATE_METHOD_MATCH = YES;
				"CODE_SIGN_IDENTITY[sdk=iphoneos*]" = "iPhone Developer";
				COPY_PHASE_STRIP = YES;
				GCC_C_LANGUAGE_STANDARD = gnu99;
				GCC_WARN_ABOUT_RETURN_TYPE = YES;
				GCC_WARN_UNINITIALIZED_AUTOS = YES;
				GCC_WARN_UNUSED_VARIABLE = YES;
				IPHONEOS_DEPLOYMENT_TARGET = 6.1;
				OTHER_CFLAGS = "-DNS_BLOCK_ASSERTIONS=1";
				SDKROOT = iphoneos;
				VALIDATE_PRODUCT = YES;
			};
			name = Release;
		};
		7D0F9DD017E941C4007B71A9 /* Debug */ = {
			isa = XCBuildConfiguration;
			buildSettings = {
				CODE_SIGN_IDENTITY = "iPhone Developer";
				FRAMEWORK_SEARCH_PATHS = (
					"$(inherited)",
					"$(SRCROOT)",
					/Users/Greg/Desktop/bukkit,
				);
				GCC_PRECOMPILE_PREFIX_HEADER = YES;
				GCC_PREFIX_HEADER = "Bukkit/Bukkit-Prefix.pch";
				INFOPLIST_FILE = "Bukkit/Bukkit-Info.plist";
				PRODUCT_NAME = "$(TARGET_NAME)";
				WRAPPER_EXTENSION = app;
			};
			name = Debug;
		};
		7D0F9DD117E941C4007B71A9 /* Release */ = {
			isa = XCBuildConfiguration;
			buildSettings = {
				CODE_SIGN_IDENTITY = "iPhone Developer";
				FRAMEWORK_SEARCH_PATHS = (
					"$(inherited)",
					"$(SRCROOT)",
					/Users/Greg/Desktop/bukkit,
				);
				GCC_PRECOMPILE_PREFIX_HEADER = YES;
				GCC_PREFIX_HEADER = "Bukkit/Bukkit-Prefix.pch";
				INFOPLIST_FILE = "Bukkit/Bukkit-Info.plist";
				PRODUCT_NAME = "$(TARGET_NAME)";
				WRAPPER_EXTENSION = app;
			};
			name = Release;
		};
		7D0F9DD317E941C4007B71A9 /* Debug */ = {
			isa = XCBuildConfiguration;
			buildSettings = {
				BUNDLE_LOADER = "$(BUILT_PRODUCTS_DIR)/Bukkit.app/Bukkit";
				FRAMEWORK_SEARCH_PATHS = (
					"\"$(SDKROOT)/Developer/Library/Frameworks\"",
					"\"$(DEVELOPER_LIBRARY_DIR)/Frameworks\"",
				);
				GCC_PRECOMPILE_PREFIX_HEADER = YES;
				GCC_PREFIX_HEADER = "Bukkit/Bukkit-Prefix.pch";
				INFOPLIST_FILE = "BukkitTests/BukkitTests-Info.plist";
				PRODUCT_NAME = "$(TARGET_NAME)";
				TEST_HOST = "$(BUNDLE_LOADER)";
				WRAPPER_EXTENSION = octest;
			};
			name = Debug;
		};
		7D0F9DD417E941C4007B71A9 /* Release */ = {
			isa = XCBuildConfiguration;
			buildSettings = {
				BUNDLE_LOADER = "$(BUILT_PRODUCTS_DIR)/Bukkit.app/Bukkit";
				FRAMEWORK_SEARCH_PATHS = (
					"\"$(SDKROOT)/Developer/Library/Frameworks\"",
					"\"$(DEVELOPER_LIBRARY_DIR)/Frameworks\"",
				);
				GCC_PRECOMPILE_PREFIX_HEADER = YES;
				GCC_PREFIX_HEADER = "Bukkit/Bukkit-Prefix.pch";
				INFOPLIST_FILE = "BukkitTests/BukkitTests-Info.plist";
				PRODUCT_NAME = "$(TARGET_NAME)";
				TEST_HOST = "$(BUNDLE_LOADER)";
				WRAPPER_EXTENSION = octest;
			};
			name = Release;
		};
/* End XCBuildConfiguration section */

/* Begin XCConfigurationList section */
		7D0F9D9217E941C3007B71A9 /* Build configuration list for PBXProject "Bukkit" */ = {
			isa = XCConfigurationList;
			buildConfigurations = (
				7D0F9DCD17E941C4007B71A9 /* Debug */,
				7D0F9DCE17E941C4007B71A9 /* Release */,
			);
			defaultConfigurationIsVisible = 0;
			defaultConfigurationName = Release;
		};
		7D0F9DCF17E941C4007B71A9 /* Build configuration list for PBXNativeTarget "Bukkit" */ = {
			isa = XCConfigurationList;
			buildConfigurations = (
				7D0F9DD017E941C4007B71A9 /* Debug */,
				7D0F9DD117E941C4007B71A9 /* Release */,
			);
			defaultConfigurationIsVisible = 0;
			defaultConfigurationName = Release;
		};
		7D0F9DD217E941C4007B71A9 /* Build configuration list for PBXNativeTarget "BukkitTests" */ = {
			isa = XCConfigurationList;
			buildConfigurations = (
				7D0F9DD317E941C4007B71A9 /* Debug */,
				7D0F9DD417E941C4007B71A9 /* Release */,
			);
			defaultConfigurationIsVisible = 0;
			defaultConfigurationName = Release;
		};
/* End XCConfigurationList section */
	};
	rootObject = 7D0F9D8F17E941C3007B71A9 /* Project object */;
}
